
Microsoft Visual Studio Solution File, Format Version 12.00
# Visual Studio Version 17
VisualStudioVersion = 17.11.35303.130
MinimumVisualStudioVersion = 10.0.40219.1
Project("{FAE04EC0-301F-11D3-BF4B-00C04F79EFBC}") = "3935_Carolina_T02", "3935_Carolina_T02\3935_Carolina_T02.csproj", "{BFEAAD28-3D30-440A-9FBD-F9541859F00C}"
EndProject
Global
	GlobalSection(SolutionConfigurationPlatforms) = preSolution
		Debug|Any CPU = Debug|Any CPU
		Release|Any CPU = Release|Any CPU
	EndGlobalSection
	GlobalSection(ProjectConfigurationPlatforms) = postSolution
		{BFEAAD28-3D30-440A-9FBD-F9541859F00C}.Debug|Any CPU.ActiveCfg = Debug|Any CPU
		{BFEAAD28-3D30-440A-9FBD-F9541859F00C}.Debug|Any CPU.Build.0 = Debug|Any CPU
		{BFEAAD28-3D30-440A-9FBD-F9541859F00C}.Release|Any CPU.ActiveCfg = Release|Any CPU
		{BFEAAD28-3D30-440A-9FBD-F9541859F00C}.Release|Any CPU.Build.0 = Release|Any CPU
	EndGlobalSection
	GlobalSection(SolutionProperties) = preSolution
		HideSolutionNode = FALSE
	EndGlobalSection
	GlobalSection(ExtensibilityGlobals) = postSolution
		SolutionGuid = {D74866CD-6309-4F50-93FD-6AA5FF85D545}
	EndGlobalSection
EndGlobal
